
Microsoft Visual Studio Solution File, Format Version 12.00
# Visual Studio Version 16
VisualStudioVersion = 16.0.31702.278
MinimumVisualStudioVersion = 10.0.40219.1
Project("{9A19103F-16F7-4668-BE54-9A1E7A4F7556}") = "KampIntro", "KampIntro\KampIntro.csproj", "{CCA0F594-3C22-442E-872C-DC89B3C3BC7E}"
EndProject
Project("{9A19103F-16F7-4668-BE54-9A1E7A4F7556}") = "Methods", "Methods\Methods.csproj", "{E1DBC3AB-53EA-497F-A420-7E211BFBBDC2}"
EndProject
Project("{9A19103F-16F7-4668-BE54-9A1E7A4F7556}") = "Mathematic", "Mathematic\Mathematic.csproj", "{E4852DAE-9596-4653-BC20-27F0E87045C9}"
EndProject
Project("{9A19103F-16F7-4668-BE54-9A1E7A4F7556}") = "DegerVeReferansTipler", "DegerVeReferansTipler\DegerVeReferansTipler.csproj", "{7779BE65-995D-4805-A3C4-EE5B33E3C222}"
EndProject
Project("{9A19103F-16F7-4668-BE54-9A1E7A4F7556}") = "OOP1", "OOP1\OOP1.csproj", "{0E3F7695-20BA-462D-8123-A60EB435F279}"
EndProject
Project("{9A19103F-16F7-4668-BE54-9A1E7A4F7556}") = "GenericsIntro", "GenericsIntro\GenericsIntro.csproj", "{EF8AEB30-FB86-4F18-9A22-322A3BD0BD15}"
EndProject
Project("{FAE04EC0-301F-11D3-BF4B-00C04F79EFBC}") = "OOP2", "OOP2\OOP2.csproj", "{744C8BF1-E451-4B77-9A0E-A0ED03B83BAF}"
EndProject
Global
	GlobalSection(SolutionConfigurationPlatforms) = preSolution
		Debug|Any CPU = Debug|Any CPU
		Release|Any CPU = Release|Any CPU
	EndGlobalSection
	GlobalSection(ProjectConfigurationPlatforms) = postSolution
		{CCA0F594-3C22-442E-872C-DC89B3C3BC7E}.Debug|Any CPU.ActiveCfg = Debug|Any CPU
		{CCA0F594-3C22-442E-872C-DC89B3C3BC7E}.Debug|Any CPU.Build.0 = Debug|Any CPU
		{CCA0F594-3C22-442E-872C-DC89B3C3BC7E}.Release|Any CPU.ActiveCfg = Release|Any CPU
		{CCA0F594-3C22-442E-872C-DC89B3C3BC7E}.Release|Any CPU.Build.0 = Release|Any CPU
		{E1DBC3AB-53EA-497F-A420-7E211BFBBDC2}.Debug|Any CPU.ActiveCfg = Debug|Any CPU
		{E1DBC3AB-53EA-497F-A420-7E211BFBBDC2}.Debug|Any CPU.Build.0 = Debug|Any CPU
		{E1DBC3AB-53EA-497F-A420-7E211BFBBDC2}.Release|Any CPU.ActiveCfg = Release|Any CPU
		{E1DBC3AB-53EA-497F-A420-7E211BFBBDC2}.Release|Any CPU.Build.0 = Release|Any CPU
		{E4852DAE-9596-4653-BC20-27F0E87045C9}.Debug|Any CPU.ActiveCfg = Debug|Any CPU
		{E4852DAE-9596-4653-BC20-27F0E87045C9}.Debug|Any CPU.Build.0 = Debug|Any CPU
		{E4852DAE-9596-4653-BC20-27F0E87045C9}.Release|Any CPU.ActiveCfg = Release|Any CPU
		{E4852DAE-9596-4653-BC20-27F0E87045C9}.Release|Any CPU.Build.0 = Release|Any CPU
		{7779BE65-995D-4805-A3C4-EE5B33E3C222}.Debug|Any CPU.ActiveCfg = Debug|Any CPU
		{7779BE65-995D-4805-A3C4-EE5B33E3C222}.Debug|Any CPU.Build.0 = Debug|Any CPU
		{7779BE65-995D-4805-A3C4-EE5B33E3C222}.Release|Any CPU.ActiveCfg = Release|Any CPU
		{7779BE65-995D-4805-A3C4-EE5B33E3C222}.Release|Any CPU.Build.0 = Release|Any CPU
		{0E3F7695-20BA-462D-8123-A60EB435F279}.Debug|Any CPU.ActiveCfg = Debug|Any CPU
		{0E3F7695-20BA-462D-8123-A60EB435F279}.Debug|Any CPU.Build.0 = Debug|Any CPU
		{0E3F7695-20BA-462D-8123-A60EB435F279}.Release|Any CPU.ActiveCfg = Release|Any CPU
		{0E3F7695-20BA-462D-8123-A60EB435F279}.Release|Any CPU.Build.0 = Release|Any CPU
		{EF8AEB30-FB86-4F18-9A22-322A3BD0BD15}.Debug|Any CPU.ActiveCfg = Debug|Any CPU
		{EF8AEB30-FB86-4F18-9A22-322A3BD0BD15}.Debug|Any CPU.Build.0 = Debug|Any CPU
		{EF8AEB30-FB86-4F18-9A22-322A3BD0BD15}.Release|Any CPU.ActiveCfg = Release|Any CPU
		{EF8AEB30-FB86-4F18-9A22-322A3BD0BD15}.Release|Any CPU.Build.0 = Release|Any CPU
		{744C8BF1-E451-4B77-9A0E-A0ED03B83BAF}.Debug|Any CPU.ActiveCfg = Debug|Any CPU
		{744C8BF1-E451-4B77-9A0E-A0ED03B83BAF}.Debug|Any CPU.Build.0 = Debug|Any CPU
		{744C8BF1-E451-4B77-9A0E-A0ED03B83BAF}.Release|Any CPU.ActiveCfg = Release|Any CPU
		{744C8BF1-E451-4B77-9A0E-A0ED03B83BAF}.Release|Any CPU.Build.0 = Release|Any CPU
	EndGlobalSection
	GlobalSection(SolutionProperties) = preSolution
		HideSolutionNode = FALSE
	EndGlobalSection
	GlobalSection(ExtensibilityGlobals) = postSolution
		SolutionGuid = {632298AD-8F96-4707-9B52-B98ABCABD32C}
	EndGlobalSection
EndGlobal
